
Microsoft Visual Studio Solution File, Format Version 12.00
# Visual Studio Version 17
VisualStudioVersion = 17.10.35013.160
MinimumVisualStudioVersion = 10.0.40219.1
Project("{FAE04EC0-301F-11D3-BF4B-00C04F79EFBC}") = "ConsoleApp36", "ConsoleApp36.csproj", "{0CC522A2-D607-4E96-BF5E-58222885FD30}"
EndProject
Global
	GlobalSection(SolutionConfigurationPlatforms) = preSolution
		Debug|Any CPU = Debug|Any CPU
		Release|Any CPU = Release|Any CPU
	EndGlobalSection
	GlobalSection(ProjectConfigurationPlatforms) = postSolution
		{0CC522A2-D607-4E96-BF5E-58222885FD30}.Debug|Any CPU.ActiveCfg = Debug|Any CPU
		{0CC522A2-D607-4E96-BF5E-58222885FD30}.Debug|Any CPU.Build.0 = Debug|Any CPU
		{0CC522A2-D607-4E96-BF5E-58222885FD30}.Release|Any CPU.ActiveCfg = Release|Any CPU
		{0CC522A2-D607-4E96-BF5E-58222885FD30}.Release|Any CPU.Build.0 = Release|Any CPU
	EndGlobalSection
	GlobalSection(SolutionProperties) = preSolution
		HideSolutionNode = FALSE
	EndGlobalSection
	GlobalSection(ExtensibilityGlobals) = postSolution
		SolutionGuid = {9A98E9CF-0E2B-4E95-9A74-1334E93349A8}
	EndGlobalSection
EndGlobal
